
Microsoft Visual Studio Solution File, Format Version 12.00
# Visual Studio Version 16
VisualStudioVersion = 16.0.33214.272
MinimumVisualStudioVersion = 10.0.40219.1
Project("{FAE04EC0-301F-11D3-BF4B-00C04F79EFBC}") = "Calculadora", "Calculadora\Calculadora.csproj", "{EB1878BE-6D01-4131-AF6D-1C442CB350DA}"
EndProject
Global
	GlobalSection(SolutionConfigurationPlatforms) = preSolution
		Debug|Any CPU = Debug|Any CPU
		Release|Any CPU = Release|Any CPU
	EndGlobalSection
	GlobalSection(ProjectConfigurationPlatforms) = postSolution
		{EB1878BE-6D01-4131-AF6D-1C442CB350DA}.Debug|Any CPU.ActiveCfg = Debug|Any CPU
		{EB1878BE-6D01-4131-AF6D-1C442CB350DA}.Debug|Any CPU.Build.0 = Debug|Any CPU
		{EB1878BE-6D01-4131-AF6D-1C442CB350DA}.Release|Any CPU.ActiveCfg = Release|Any CPU
		{EB1878BE-6D01-4131-AF6D-1C442CB350DA}.Release|Any CPU.Build.0 = Release|Any CPU
	EndGlobalSection
	GlobalSection(SolutionProperties) = preSolution
		HideSolutionNode = FALSE
	EndGlobalSection
	GlobalSection(ExtensibilityGlobals) = postSolution
		SolutionGuid = {0BAF3893-F753-441F-8810-B35216486D83}
	EndGlobalSection
EndGlobal
